{
  "version": 4,
  "terraform_version": "1.3.6",
  "serial": 4,
  "lineage": "cdf62e28-2c34-b20b-44e8-87188c7bf7f4",
  "outputs": {},
  "resources": [
    {
      "mode": "managed",
      "type": "aws_codeartifact_domain",
      "name": "my_domain",
      "provider": "provider[\"registry.terraform.io/hashicorp/aws\"]",
      "instances": [
        {
          "schema_version": 0,
          "attributes": {
            "arn": "arn:aws:codeartifact:us-east-1:517032281256:domain/my-domain",
            "asset_size_bytes": 0,
            "created_time": "2023-01-17T14:25:10Z",
            "domain": "my-domain",
            "encryption_key": "arn:aws:kms:us-east-1:517032281256:key/1df7457d-6c89-4884-9ee4-308b3501c691",
            "id": "arn:aws:codeartifact:us-east-1:517032281256:domain/my-domain",
            "owner": "517032281256",
            "repository_count": 0,
            "tags": null,
            "tags_all": {}
          },
          "sensitive_attributes": [],
          "private": "bnVsbA==",
          "dependencies": [
            "aws_kms_key.code_artifact_encryption_key"
          ]
        }
      ]
    },
    {
      "mode": "managed",
      "type": "aws_codeartifact_repository",
      "name": "Repo_NPM",
      "provider": "provider[\"registry.terraform.io/hashicorp/aws\"]",
      "instances": [
        {
          "schema_version": 0,
          "attributes": {
            "administrator_account": "517032281256",
            "arn": "arn:aws:codeartifact:us-east-1:517032281256:repository/my-domain/Repo_NPM",
            "description": "",
            "domain": "my-domain",
            "domain_owner": "517032281256",
            "external_connections": [],
            "id": "arn:aws:codeartifact:us-east-1:517032281256:repository/my-domain/Repo_NPM",
            "repository": "Repo_NPM",
            "tags": null,
            "tags_all": {},
            "upstream": []
          },
          "sensitive_attributes": [],
          "private": "bnVsbA==",
          "dependencies": [
            "aws_codeartifact_domain.my_domain",
            "aws_kms_key.code_artifact_encryption_key"
          ]
        }
      ]
    },
    {
      "mode": "managed",
      "type": "aws_kms_key",
      "name": "code_artifact_encryption_key",
      "provider": "provider[\"registry.terraform.io/hashicorp/aws\"]",
      "instances": [
        {
          "schema_version": 0,
          "attributes": {
            "arn": "arn:aws:kms:us-east-1:517032281256:key/1df7457d-6c89-4884-9ee4-308b3501c691",
            "bypass_policy_lockout_safety_check": false,
            "custom_key_store_id": "",
            "customer_master_key_spec": "SYMMETRIC_DEFAULT",
            "deletion_window_in_days": null,
            "description": "Encryption key used for CodeArtifact",
            "enable_key_rotation": false,
            "id": "1df7457d-6c89-4884-9ee4-308b3501c691",
            "is_enabled": true,
            "key_id": "1df7457d-6c89-4884-9ee4-308b3501c691",
            "key_usage": "ENCRYPT_DECRYPT",
            "multi_region": false,
            "policy": "{\"Id\":\"key-default-1\",\"Statement\":[{\"Action\":\"kms:*\",\"Effect\":\"Allow\",\"Principal\":{\"AWS\":\"arn:aws:iam::517032281256:root\"},\"Resource\":\"*\",\"Sid\":\"Enable IAM User Permissions\"}],\"Version\":\"2012-10-17\"}",
            "tags": null,
            "tags_all": {}
          },
          "sensitive_attributes": [],
          "private": "bnVsbA=="
        }
      ]
    }
  ],
  "check_results": null
}
